
Microsoft Visual Studio Solution File, Format Version 12.00
# Visual Studio Version 16
VisualStudioVersion = 16.0.29411.108
MinimumVisualStudioVersion = 10.0.40219.1
Project("{FAE04EC0-301F-11D3-BF4B-00C04F79EFBC}") = "availability-minion", "availability-minion.csproj", "{EAB575F7-F60A-4788-A91E-2854D6F95553}"
EndProject
Global
	GlobalSection(SolutionConfigurationPlatforms) = preSolution
		Debug|Any CPU = Debug|Any CPU
		Release|Any CPU = Release|Any CPU
	EndGlobalSection
	GlobalSection(ProjectConfigurationPlatforms) = postSolution
		{EAB575F7-F60A-4788-A91E-2854D6F95553}.Debug|Any CPU.ActiveCfg = Debug|Any CPU
		{EAB575F7-F60A-4788-A91E-2854D6F95553}.Debug|Any CPU.Build.0 = Debug|Any CPU
		{EAB575F7-F60A-4788-A91E-2854D6F95553}.Release|Any CPU.ActiveCfg = Release|Any CPU
		{EAB575F7-F60A-4788-A91E-2854D6F95553}.Release|Any CPU.Build.0 = Release|Any CPU
	EndGlobalSection
	GlobalSection(SolutionProperties) = preSolution
		HideSolutionNode = FALSE
	EndGlobalSection
	GlobalSection(ExtensibilityGlobals) = postSolution
		SolutionGuid = {48D83D4D-48E9-4477-9B6A-4B0F6C5248EB}
	EndGlobalSection
EndGlobal
