
Microsoft Visual Studio Solution File, Format Version 12.00
# Visual Studio Version 16
VisualStudioVersion = 16.0.29411.108
MinimumVisualStudioVersion = 10.0.40219.1
Project("{FAE04EC0-301F-11D3-BF4B-00C04F79EFBC}") = "Availability.Minion.Multi.WithPing", "Availability.Minion.Multi.WithPing.csproj", "{D60966D2-94E4-4DC7-9208-45DE175FDEDD}"
EndProject
Global
	GlobalSection(SolutionConfigurationPlatforms) = preSolution
		Debug|Any CPU = Debug|Any CPU
		Release|Any CPU = Release|Any CPU
	EndGlobalSection
	GlobalSection(ProjectConfigurationPlatforms) = postSolution
		{D60966D2-94E4-4DC7-9208-45DE175FDEDD}.Debug|Any CPU.ActiveCfg = Debug|Any CPU
		{D60966D2-94E4-4DC7-9208-45DE175FDEDD}.Debug|Any CPU.Build.0 = Debug|Any CPU
		{D60966D2-94E4-4DC7-9208-45DE175FDEDD}.Release|Any CPU.ActiveCfg = Release|Any CPU
		{D60966D2-94E4-4DC7-9208-45DE175FDEDD}.Release|Any CPU.Build.0 = Release|Any CPU
	EndGlobalSection
	GlobalSection(SolutionProperties) = preSolution
		HideSolutionNode = FALSE
	EndGlobalSection
	GlobalSection(ExtensibilityGlobals) = postSolution
		SolutionGuid = {6A3C6EBD-45B2-4C01-8F2B-452242F6E9A7}
	EndGlobalSection
EndGlobal
