
Microsoft Visual Studio Solution File, Format Version 12.00
# Visual Studio Version 16
VisualStudioVersion = 16.0.29411.108
MinimumVisualStudioVersion = 10.0.40219.1
Project("{FAE04EC0-301F-11D3-BF4B-00C04F79EFBC}") = "availability-minion-multi", "availability-minion-multi.csproj", "{57542E37-12F7-4A12-B39A-C7812A3BAE53}"
EndProject
Global
	GlobalSection(SolutionConfigurationPlatforms) = preSolution
		Debug|Any CPU = Debug|Any CPU
		Release|Any CPU = Release|Any CPU
	EndGlobalSection
	GlobalSection(ProjectConfigurationPlatforms) = postSolution
		{57542E37-12F7-4A12-B39A-C7812A3BAE53}.Debug|Any CPU.ActiveCfg = Debug|Any CPU
		{57542E37-12F7-4A12-B39A-C7812A3BAE53}.Debug|Any CPU.Build.0 = Debug|Any CPU
		{57542E37-12F7-4A12-B39A-C7812A3BAE53}.Release|Any CPU.ActiveCfg = Release|Any CPU
		{57542E37-12F7-4A12-B39A-C7812A3BAE53}.Release|Any CPU.Build.0 = Release|Any CPU
	EndGlobalSection
	GlobalSection(SolutionProperties) = preSolution
		HideSolutionNode = FALSE
	EndGlobalSection
	GlobalSection(ExtensibilityGlobals) = postSolution
		SolutionGuid = {0BCF2A88-A749-4EDF-B672-14C19A0EDD06}
	EndGlobalSection
EndGlobal
